// !$*UTF8*$!
{
	archiveVersion = 1;
	classes = {
	};
	objectVersion = 46;
	objects = {

/* Begin PBXBuildFile section */
		8B6F31711EB88C1C008355F2 /* AppDelegate.swift in Sources */ = {isa = PBXBuildFile; fileRef = 8B6F31701EB88C1C008355F2 /* AppDelegate.swift */; };
		8B6F31731EB88C1C008355F2 /* ViewController.swift in Sources */ = {isa = PBXBuildFile; fileRef = 8B6F31721EB88C1C008355F2 /* ViewController.swift */; };
		8B6F31761EB88C1C008355F2 /* Main.storyboard in Resources */ = {isa = PBXBuildFile; fileRef = 8B6F31741EB88C1C008355F2 /* Main.storyboard */; };
		8B6F31781EB88C1D008355F2 /* Assets.xcassets in Resources */ = {isa = PBXBuildFile; fileRef = 8B6F31771EB88C1D008355F2 /* Assets.xcassets */; };
		8B6F317B1EB88C1D008355F2 /* LaunchScreen.storyboard in Resources */ = {isa = PBXBuildFile; fileRef = 8B6F31791EB88C1D008355F2 /* LaunchScreen.storyboard */; };
/* End PBXBuildFile section */

/* Begin PBXFileReference section */
		8B6F316D1EB88C1C008355F2 /* project 6b.app */ = {isa = PBXFileReference; explicitFileType = wrapper.application; includeInIndex = 0; path = "project 6b.app"; sourceTree = BUILT_PRODUCTS_DIR; };
		8B6F31701EB88C1C008355F2 /* AppDelegate.swift */ = {isa = PBXFileReference; lastKnownFileType = sourcecode.swift; path = AppDelegate.swift; sourceTree = "<group>"; };
		8B6F31721EB88C1C008355F2 /* ViewController.swift */ = {isa = PBXFileReference; lastKnownFileType = sourcecode.swift; path = ViewController.swift; sourceTree = "<group>"; };
		8B6F31751EB88C1C008355F2 /* Base */ = {isa = PBXFileReference; lastKnownFileType = file.storyboard; name = Base; path = Base.lproj/Main.storyboard; sourceTree = "<group>"; };
		8B6F31771EB88C1D008355F2 /* Assets.xcassets */ = {isa = PBXFileReference; lastKnownFileType = folder.assetcatalog; path = Assets.xcassets; sourceTree = "<group>"; };
		8B6F317A1EB88C1D008355F2 /* Base */ = {isa = PBXFileReference; lastKnownFileType = file.storyboard; name = Base; path = Base.lproj/LaunchScreen.storyboard; sourceTree = "<group>"; };
		8B6F317C1EB88C1D008355F2 /* Info.plist */ = {isa = PBXFileReference; lastKnownFileType = text.plist.xml; path = Info.plist; sourceTree = "<group>"; };
/* End PBXFileReference section */

/* Begin PBXFrameworksBuildPhase section */
		8B6F316A1EB88C1C008355F2 /* Frameworks */ = {
			isa = PBXFrameworksBuildPhase;
			buildActionMask = 2147483647;
			files = (
			);
			runOnlyForDeploymentPostprocessing = 0;
		};
/* End PBXFrameworksBuildPhase section */

/* Begin PBXGroup section */
		8B6F31641EB88C1C008355F2 = {
			isa = PBXGroup;
			children = (
				8B6F316F1EB88C1C008355F2 /* project 6b */,
				8B6F316E1EB88C1C008355F2 /* Products */,
			);
			sourceTree = "<group>";
		};
		8B6F316E1EB88C1C008355F2 /* Products */ = {
			isa = PBXGroup;
			children = (
				8B6F316D1EB88C1C008355F2 /* project 6b.app */,
			);
			name = Products;
			sourceTree = "<group>";
		};
		8B6F316F1EB88C1C008355F2 /* project 6b */ = {
			isa = PBXGroup;
			children = (
				8B6F31701EB88C1C008355F2 /* AppDelegate.swift */,
				8B6F31721EB88C1C008355F2 /* ViewController.swift */,
				8B6F31741EB88C1C008355F2 /* Main.storyboard */,
				8B6F31771EB88C1D008355F2 /* Assets.xcassets */,
				8B6F31791EB88C1D008355F2 /* LaunchScreen.storyboard */,
				8B6F317C1EB88C1D008355F2 /* Info.plist */,
			);
			path = "project 6b";
			sourceTree = "<group>";
		};
/* End PBXGroup section */

/* Begin PBXNativeTarget section */
		8B6F316C1EB88C1C008355F2 /* project 6b */ = {
			isa = PBXNativeTarget;
			buildConfigurationList = 8B6F317F1EB88C1D008355F2 /* Build configuration list for PBXNativeTarget "project 6b" */;
			buildPhases = (
				8B6F31691EB88C1C008355F2 /* Sources */,
				8B6F316A1EB88C1C008355F2 /* Frameworks */,
				8B6F316B1EB88C1C008355F2 /* Resources */,
			);
			buildRules = (
			);
			dependencies = (
			);
			name = "project 6b";
			productName = "project 6b";
			productReference = 8B6F316D1EB88C1C008355F2 /* project 6b.app */;
			productType = "com.apple.product-type.application";
		};
/* End PBXNativeTarget section */

/* Begin PBXProject section */
		8B6F31651EB88C1C008355F2 /* Project object */ = {
			isa = PBXProject;
			attributes = {
				LastSwiftUpdateCheck = 0830;
				LastUpgradeCheck = 0830;
				ORGANIZATIONNAME = "Elliot Ross";
				TargetAttributes = {
					8B6F316C1EB88C1C008355F2 = {
						CreatedOnToolsVersion = 8.3.2;
						ProvisioningStyle = Automatic;
					};
				};
			};
			buildConfigurationList = 8B6F31681EB88C1C008355F2 /* Build configuration list for PBXProject "project 6b" */;
			compatibilityVersion = "Xcode 3.2";
			developmentRegion = English;
			hasScannedForEncodings = 0;
			knownRegions = (
				en,
				Base,
			);
			mainGroup = 8B6F31641EB88C1C008355F2;
			productRefGroup = 8B6F316E1EB88C1C008355F2 /* Products */;
			projectDirPath = "";
			projectRoot = "";
			targets = (
				8B6F316C1EB88C1C008355F2 /* project 6b */,
			);
		};
/* End PBXProject section */

/* Begin PBXResourcesBuildPhase section */
		8B6F316B1EB88C1C008355F2 /* Resources */ = {
			isa = PBXResourcesBuildPhase;
			buildActionMask = 2147483647;
			files = (
				8B6F317B1EB88C1D008355F2 /* LaunchScreen.storyboard in Resources */,
				8B6F31781EB88C1D008355F2 /* Assets.xcassets in Resources */,
				8B6F31761EB88C1C008355F2 /* Main.storyboard in Resources */,
			);
			runOnlyForDeploymentPostprocessing = 0;
		};
/* End PBXResourcesBuildPhase section */

/* Begin PBXSourcesBuildPhase section */
		8B6F31691EB88C1C008355F2 /* Sources */ = {
			isa = PBXSourcesBuildPhase;
			buildActionMask = 2147483647;
			files = (
				8B6F31731EB88C1C008355F2 /* ViewController.swift in Sources */,
				8B6F31711EB88C1C008355F2 /* AppDelegate.swift in Sources */,
			);
			runOnlyForDeploymentPostprocessing = 0;
		};
/* End PBXSourcesBuildPhase section */

/* Begin PBXVariantGroup section */
		8B6F31741EB88C1C008355F2 /* Main.storyboard */ = {
			isa = PBXVariantGroup;
			children = (
				8B6F31751EB88C1C008355F2 /* Base */,
			);
			name = Main.storyboard;
			sourceTree = "<group>";
		};
		8B6F31791EB88C1D008355F2 /* LaunchScreen.storyboard */ = {
			isa = PBXVariantGroup;
			children = (
				8B6F317A1EB88C1D008355F2 /* Base */,
			);
			name = LaunchScreen.storyboard;
			sourceTree = "<group>";
		};
/* End PBXVariantGroup section */

/* Begin XCBuildConfiguration section */
		8B6F317D1EB88C1D008355F2 /* Debug */ = {
			isa = XCBuildConfiguration;
			buildSettings = {
				ALWAYS_SEARCH_USER_PATHS = NO;
				CLANG_ANALYZER_NONNULL = YES;
				CLANG_ANALYZER_NUMBER_OBJECT_CONVERSION = YES_AGGRESSIVE;
				CLANG_CXX_LANGUAGE_STANDARD = "gnu++0x";
				CLANG_CXX_LIBRARY = "libc++";
				CLANG_ENABLE_MODULES = YES;
				CLANG_ENABLE_OBJC_ARC = YES;
				CLANG_WARN_BOOL_CONVERSION = YES;
				CLANG_WARN_CONSTANT_CONVERSION = YES;
				CLANG_WARN_DIRECT_OBJC_ISA_USAGE = YES_ERROR;
				CLANG_WARN_DOCUMENTATION_COMMENTS = YES;
				CLANG_WARN_EMPTY_BODY = YES;
				CLANG_WARN_ENUM_CONVERSION = YES;
				CLANG_WARN_INFINITE_RECURSION = YES;
				CLANG_WARN_INT_CONVERSION = YES;
				CLANG_WARN_OBJC_ROOT_CLASS = YES_ERROR;
				CLANG_WARN_SUSPICIOUS_MOVE = YES;
				CLANG_WARN_UNREACHABLE_CODE = YES;
				CLANG_WARN__DUPLICATE_METHOD_MATCH = YES;
				"CODE_SIGN_IDENTITY[sdk=iphoneos*]" = "iPhone Developer";
				COPY_PHASE_STRIP = NO;
				DEBUG_INFORMATION_FORMAT = dwarf;
				ENABLE_STRICT_OBJC_MSGSEND = YES;
				ENABLE_TESTABILITY = YES;
				GCC_C_LANGUAGE_STANDARD = gnu99;
				GCC_DYNAMIC_NO_PIC = NO;
				GCC_NO_COMMON_BLOCKS = YES;
				GCC_OPTIMIZATION_LEVEL = 0;
				GCC_PREPROCESSOR_DEFINITIONS = (
					"DEBUG=1",
					"$(inherited)",
				);
				GCC_WARN_64_TO_32_BIT_CONVERSION = YES;
				GCC_WARN_ABOUT_RETURN_TYPE = YES_ERROR;
				GCC_WARN_UNDECLARED_SELECTOR = YES;
				GCC_WARN_UNINITIALIZED_AUTOS = YES_AGGRESSIVE;
				GCC_WARN_UNUSED_FUNCTION = YES;
				GCC_WARN_UNUSED_VARIABLE = YES;
				IPHONEOS_DEPLOYMENT_TARGET = 10.3;
				MTL_ENABLE_DEBUG_INFO = YES;
				ONLY_ACTIVE_ARCH = YES;
				SDKROOT = iphoneos;
				SWIFT_ACTIVE_COMPILATION_CONDITIONS = DEBUG;
				SWIFT_OPTIMIZATION_LEVEL = "-Onone";
			};
			name = Debug;
		};
		8B6F317E1EB88C1D008355F2 /* Release */ = {
			isa = XCBuildConfiguration;
			buildSettings = {
				ALWAYS_SEARCH_USER_PATHS = NO;
				CLANG_ANALYZER_NONNULL = YES;
				CLANG_ANALYZER_NUMBER_OBJECT_CONVERSION = YES_AGGRESSIVE;
				CLANG_CXX_LANGUAGE_STANDARD = "gnu++0x";
				CLANG_CXX_LIBRARY = "libc++";
				CLANG_ENABLE_MODULES = YES;
				CLANG_ENABLE_OBJC_ARC = YES;
				CLANG_WARN_BOOL_CONVERSION = YES;
				CLANG_WARN_CONSTANT_CONVERSION = YES;
				CLANG_WARN_DIRECT_OBJC_ISA_USAGE = YES_ERROR;
				CLANG_WARN_DOCUMENTATION_COMMENTS = YES;
				CLANG_WARN_EMPTY_BODY = YES;
				CLANG_WARN_ENUM_CONVERSION = YES;
				CLANG_WARN_INFINITE_RECURSION = YES;
				CLANG_WARN_INT_CONVERSION = YES;
				CLANG_WARN_OBJC_ROOT_CLASS = YES_ERROR;
				CLANG_WARN_SUSPICIOUS_MOVE = YES;
				CLANG_WARN_UNREACHABLE_CODE = YES;
				CLANG_WARN__DUPLICATE_METHOD_MATCH = YES;
				"CODE_SIGN_IDENTITY[sdk=iphoneos*]" = "iPhone Developer";
				COPY_PHASE_STRIP = NO;
				DEBUG_INFORMATION_FORMAT = "dwarf-with-dsym";
				ENABLE_NS_ASSERTIONS = NO;
				ENABLE_STRICT_OBJC_MSGSEND = YES;
				GCC_C_LANGUAGE_STANDARD = gnu99;
				GCC_NO_COMMON_BLOCKS = YES;
				GCC_WARN_64_TO_32_BIT_CONVERSION = YES;
				GCC_WARN_ABOUT_RETURN_TYPE = YES_ERROR;
				GCC_WARN_UNDECLARED_SELECTOR = YES;
				GCC_WARN_UNINITIALIZED_AUTOS = YES_AGGRESSIVE;
				GCC_WARN_UNUSED_FUNCTION = YES;
				GCC_WARN_UNUSED_VARIABLE = YES;
				IPHONEOS_DEPLOYMENT_TARGET = 10.3;
				MTL_ENABLE_DEBUG_INFO = NO;
				SDKROOT = iphoneos;
				SWIFT_OPTIMIZATION_LEVEL = "-Owholemodule";
				VALIDATE_PRODUCT = YES;
			};
			name = Release;
		};
		8B6F31801EB88C1D008355F2 /* Debug */ = {
			isa = XCBuildConfiguration;
			buildSettings = {
				ASSETCATALOG_COMPILER_APPICON_NAME = AppIcon;
				INFOPLIST_FILE = "project 6b/Info.plist";
				LD_RUNPATH_SEARCH_PATHS = "$(inherited) @executable_path/Frameworks";
				PRODUCT_BUNDLE_IDENTIFIER = "http---hackingwithswift.com.project-6b";
				PRODUCT_NAME = "$(TARGET_NAME)";
				SWIFT_VERSION = 3.0;
			};
			name = Debug;
		};
		8B6F31811EB88C1D008355F2 /* Release */ = {
			isa = XCBuildConfiguration;
			buildSettings = {
				ASSETCATALOG_COMPILER_APPICON_NAME = AppIcon;
				INFOPLIST_FILE = "project 6b/Info.plist";
				LD_RUNPATH_SEARCH_PATHS = "$(inherited) @executable_path/Frameworks";
				PRODUCT_BUNDLE_IDENTIFIER = "http---hackingwithswift.com.project-6b";
				PRODUCT_NAME = "$(TARGET_NAME)";
				SWIFT_VERSION = 3.0;
			};
			name = Release;
		};
/* End XCBuildConfiguration section */

/* Begin XCConfigurationList section */
		8B6F31681EB88C1C008355F2 /* Build configuration list for PBXProject "project 6b" */ = {
			isa = XCConfigurationList;
			buildConfigurations = (
				8B6F317D1EB88C1D008355F2 /* Debug */,
				8B6F317E1EB88C1D008355F2 /* Release */,
			);
			defaultConfigurationIsVisible = 0;
			defaultConfigurationName = Release;
		};
		8B6F317F1EB88C1D008355F2 /* Build configuration list for PBXNativeTarget "project 6b" */ = {
			isa = XCConfigurationList;
			buildConfigurations = (
				8B6F31801EB88C1D008355F2 /* Debug */,
				8B6F31811EB88C1D008355F2 /* Release */,
			);
			defaultConfigurationIsVisible = 0;
		};
/* End XCConfigurationList section */
	};
	rootObject = 8B6F31651EB88C1C008355F2 /* Project object */;
}
